
Microsoft Visual Studio Solution File, Format Version 12.00
# Visual Studio Version 17
VisualStudioVersion = 17.3.32901.215
MinimumVisualStudioVersion = 10.0.40219.1
Project("{FAE04EC0-301F-11D3-BF4B-00C04F79EFBC}") = "Trabalho aula5 KAtia RA.6322095", "Trabalho aula5 KAtia RA.6322095\Trabalho aula5 KAtia RA.6322095.csproj", "{8B58B08E-619E-4912-8E8C-B27F05CA409C}"
EndProject
Global
	GlobalSection(SolutionConfigurationPlatforms) = preSolution
		Debug|Any CPU = Debug|Any CPU
		Release|Any CPU = Release|Any CPU
	EndGlobalSection
	GlobalSection(ProjectConfigurationPlatforms) = postSolution
		{8B58B08E-619E-4912-8E8C-B27F05CA409C}.Debug|Any CPU.ActiveCfg = Debug|Any CPU
		{8B58B08E-619E-4912-8E8C-B27F05CA409C}.Debug|Any CPU.Build.0 = Debug|Any CPU
		{8B58B08E-619E-4912-8E8C-B27F05CA409C}.Release|Any CPU.ActiveCfg = Release|Any CPU
		{8B58B08E-619E-4912-8E8C-B27F05CA409C}.Release|Any CPU.Build.0 = Release|Any CPU
	EndGlobalSection
	GlobalSection(SolutionProperties) = preSolution
		HideSolutionNode = FALSE
	EndGlobalSection
	GlobalSection(ExtensibilityGlobals) = postSolution
		SolutionGuid = {82CCE869-46EE-4D4A-BA1F-9CF4A377EC46}
	EndGlobalSection
EndGlobal
